
Microsoft Visual Studio Solution File, Format Version 12.00
# Visual Studio Version 16
VisualStudioVersion = 16.0.30711.63
MinimumVisualStudioVersion = 10.0.40219.1
Project("{FAE04EC0-301F-11D3-BF4B-00C04F79EFBC}") = "TeachAndTest.Api", "TeachAndTest.Api\TeachAndTest.Api.csproj", "{35A4503A-4D54-4A64-8DA4-1408831147CD}"
EndProject
Global
	GlobalSection(SolutionConfigurationPlatforms) = preSolution
		Debug|Any CPU = Debug|Any CPU
		Release|Any CPU = Release|Any CPU
	EndGlobalSection
	GlobalSection(ProjectConfigurationPlatforms) = postSolution
		{35A4503A-4D54-4A64-8DA4-1408831147CD}.Debug|Any CPU.ActiveCfg = Debug|Any CPU
		{35A4503A-4D54-4A64-8DA4-1408831147CD}.Debug|Any CPU.Build.0 = Debug|Any CPU
		{35A4503A-4D54-4A64-8DA4-1408831147CD}.Release|Any CPU.ActiveCfg = Release|Any CPU
		{35A4503A-4D54-4A64-8DA4-1408831147CD}.Release|Any CPU.Build.0 = Release|Any CPU
	EndGlobalSection
	GlobalSection(SolutionProperties) = preSolution
		HideSolutionNode = FALSE
	EndGlobalSection
	GlobalSection(ExtensibilityGlobals) = postSolution
		SolutionGuid = {73995126-2135-47B9-8805-C72B6FF058E2}
	EndGlobalSection
EndGlobal
